
Microsoft Visual Studio Solution File, Format Version 12.00
# Visual Studio Version 16
VisualStudioVersion = 16.0.31702.278
MinimumVisualStudioVersion = 10.0.40219.1
Project("{FAE04EC0-301F-11D3-BF4B-00C04F79EFBC}") = "CalculatorService", "CalculatorService\CalculatorService.csproj", "{3370B8FB-F607-4D23-A991-3B1445AD2F6C}"
EndProject
Project("{FAE04EC0-301F-11D3-BF4B-00C04F79EFBC}") = "CalculatorServiceTests", "CalculatorServiceTests\CalculatorServiceTests.csproj", "{21465043-815F-4117-971C-D0D60F80BC65}"
EndProject
Global
	GlobalSection(SolutionConfigurationPlatforms) = preSolution
		Debug|Any CPU = Debug|Any CPU
		Release|Any CPU = Release|Any CPU
	EndGlobalSection
	GlobalSection(ProjectConfigurationPlatforms) = postSolution
		{3370B8FB-F607-4D23-A991-3B1445AD2F6C}.Debug|Any CPU.ActiveCfg = Debug|Any CPU
		{3370B8FB-F607-4D23-A991-3B1445AD2F6C}.Debug|Any CPU.Build.0 = Debug|Any CPU
		{3370B8FB-F607-4D23-A991-3B1445AD2F6C}.Release|Any CPU.ActiveCfg = Release|Any CPU
		{3370B8FB-F607-4D23-A991-3B1445AD2F6C}.Release|Any CPU.Build.0 = Release|Any CPU
		{21465043-815F-4117-971C-D0D60F80BC65}.Debug|Any CPU.ActiveCfg = Debug|Any CPU
		{21465043-815F-4117-971C-D0D60F80BC65}.Debug|Any CPU.Build.0 = Debug|Any CPU
		{21465043-815F-4117-971C-D0D60F80BC65}.Release|Any CPU.ActiveCfg = Release|Any CPU
		{21465043-815F-4117-971C-D0D60F80BC65}.Release|Any CPU.Build.0 = Release|Any CPU
	EndGlobalSection
	GlobalSection(SolutionProperties) = preSolution
		HideSolutionNode = FALSE
	EndGlobalSection
	GlobalSection(ExtensibilityGlobals) = postSolution
		SolutionGuid = {454A9C11-1A85-4D82-B209-CA2B6C8F5B1C}
	EndGlobalSection
EndGlobal
