
Microsoft Visual Studio Solution File, Format Version 12.00
# Visual Studio Version 16
VisualStudioVersion = 16.0.31702.278
MinimumVisualStudioVersion = 10.0.40219.1
Project("{2150E333-8FDC-42A3-9474-1A3956D46DE8}") = "src", "src", "{8AFDA7D5-ECE0-4FFC-AB13-9E90CDA551A8}"
EndProject
Project("{2150E333-8FDC-42A3-9474-1A3956D46DE8}") = "docs", "docs", "{51CF8189-485A-41FD-BF5A-2158E62180AE}"
EndProject
Project("{2150E333-8FDC-42A3-9474-1A3956D46DE8}") = "tests", "tests", "{840901A4-D1DE-447A-B543-58C3FBCE66CA}"
EndProject
Project("{2150E333-8FDC-42A3-9474-1A3956D46DE8}") = "Domain", "Domain", "{E854878D-4019-41E1-AB0A-91B319519841}"
EndProject
Project("{2150E333-8FDC-42A3-9474-1A3956D46DE8}") = "Infrastructure", "Infrastructure", "{BE9099F5-099F-4A72-A45A-A0A75CDB7F43}"
EndProject
Project("{2150E333-8FDC-42A3-9474-1A3956D46DE8}") = "Application", "Application", "{0D272DFE-D1B6-4F60-94C0-13564F9E86B3}"
EndProject
Project("{2150E333-8FDC-42A3-9474-1A3956D46DE8}") = "WebUI", "WebUI", "{7BCF9232-3CEE-4214-AD41-B41FEF7436BF}"
EndProject
Project("{FAE04EC0-301F-11D3-BF4B-00C04F79EFBC}") = "Domain", "Domain\Domain.csproj", "{E4811BA1-C2A9-4AC0-933F-6561138D43B0}"
EndProject
Project("{FAE04EC0-301F-11D3-BF4B-00C04F79EFBC}") = "Persistence", "Persistence\Persistence.csproj", "{D471E515-DCC3-49C3-8747-3FB94F3ECE5A}"
EndProject
Project("{FAE04EC0-301F-11D3-BF4B-00C04F79EFBC}") = "Infrastrucutre", "Infrastrucutre\Infrastrucutre.csproj", "{429D4EBF-1C28-467F-AF6C-1A0ED710CF58}"
EndProject
Project("{FAE04EC0-301F-11D3-BF4B-00C04F79EFBC}") = "Application", "Application\Application.csproj", "{CC931355-9541-42E6-89CB-F47B357199B6}"
EndProject
Project("{FAE04EC0-301F-11D3-BF4B-00C04F79EFBC}") = "WebApp", "WebApp\WebApp.csproj", "{F1667F41-52D4-421F-B0DD-22F8E16240DB}"
EndProject
Project("{FAE04EC0-301F-11D3-BF4B-00C04F79EFBC}") = "RemindersApp.Tests", "RemindersApp.Tests\RemindersApp.Tests.csproj", "{ADF0A829-7EFB-4606-82D6-7A9560EAEDC7}"
EndProject
Global
	GlobalSection(SolutionConfigurationPlatforms) = preSolution
		Debug|Any CPU = Debug|Any CPU
		Release|Any CPU = Release|Any CPU
	EndGlobalSection
	GlobalSection(ProjectConfigurationPlatforms) = postSolution
		{E4811BA1-C2A9-4AC0-933F-6561138D43B0}.Debug|Any CPU.ActiveCfg = Debug|Any CPU
		{E4811BA1-C2A9-4AC0-933F-6561138D43B0}.Debug|Any CPU.Build.0 = Debug|Any CPU
		{E4811BA1-C2A9-4AC0-933F-6561138D43B0}.Release|Any CPU.ActiveCfg = Release|Any CPU
		{E4811BA1-C2A9-4AC0-933F-6561138D43B0}.Release|Any CPU.Build.0 = Release|Any CPU
		{D471E515-DCC3-49C3-8747-3FB94F3ECE5A}.Debug|Any CPU.ActiveCfg = Debug|Any CPU
		{D471E515-DCC3-49C3-8747-3FB94F3ECE5A}.Debug|Any CPU.Build.0 = Debug|Any CPU
		{D471E515-DCC3-49C3-8747-3FB94F3ECE5A}.Release|Any CPU.ActiveCfg = Release|Any CPU
		{D471E515-DCC3-49C3-8747-3FB94F3ECE5A}.Release|Any CPU.Build.0 = Release|Any CPU
		{429D4EBF-1C28-467F-AF6C-1A0ED710CF58}.Debug|Any CPU.ActiveCfg = Debug|Any CPU
		{429D4EBF-1C28-467F-AF6C-1A0ED710CF58}.Debug|Any CPU.Build.0 = Debug|Any CPU
		{429D4EBF-1C28-467F-AF6C-1A0ED710CF58}.Release|Any CPU.ActiveCfg = Release|Any CPU
		{429D4EBF-1C28-467F-AF6C-1A0ED710CF58}.Release|Any CPU.Build.0 = Release|Any CPU
		{CC931355-9541-42E6-89CB-F47B357199B6}.Debug|Any CPU.ActiveCfg = Debug|Any CPU
		{CC931355-9541-42E6-89CB-F47B357199B6}.Debug|Any CPU.Build.0 = Debug|Any CPU
		{CC931355-9541-42E6-89CB-F47B357199B6}.Release|Any CPU.ActiveCfg = Release|Any CPU
		{CC931355-9541-42E6-89CB-F47B357199B6}.Release|Any CPU.Build.0 = Release|Any CPU
		{F1667F41-52D4-421F-B0DD-22F8E16240DB}.Debug|Any CPU.ActiveCfg = Debug|Any CPU
		{F1667F41-52D4-421F-B0DD-22F8E16240DB}.Debug|Any CPU.Build.0 = Debug|Any CPU
		{F1667F41-52D4-421F-B0DD-22F8E16240DB}.Release|Any CPU.ActiveCfg = Release|Any CPU
		{F1667F41-52D4-421F-B0DD-22F8E16240DB}.Release|Any CPU.Build.0 = Release|Any CPU
		{ADF0A829-7EFB-4606-82D6-7A9560EAEDC7}.Debug|Any CPU.ActiveCfg = Debug|Any CPU
		{ADF0A829-7EFB-4606-82D6-7A9560EAEDC7}.Debug|Any CPU.Build.0 = Debug|Any CPU
		{ADF0A829-7EFB-4606-82D6-7A9560EAEDC7}.Release|Any CPU.ActiveCfg = Release|Any CPU
		{ADF0A829-7EFB-4606-82D6-7A9560EAEDC7}.Release|Any CPU.Build.0 = Release|Any CPU
	EndGlobalSection
	GlobalSection(SolutionProperties) = preSolution
		HideSolutionNode = FALSE
	EndGlobalSection
	GlobalSection(NestedProjects) = preSolution
		{E854878D-4019-41E1-AB0A-91B319519841} = {8AFDA7D5-ECE0-4FFC-AB13-9E90CDA551A8}
		{BE9099F5-099F-4A72-A45A-A0A75CDB7F43} = {8AFDA7D5-ECE0-4FFC-AB13-9E90CDA551A8}
		{0D272DFE-D1B6-4F60-94C0-13564F9E86B3} = {8AFDA7D5-ECE0-4FFC-AB13-9E90CDA551A8}
		{7BCF9232-3CEE-4214-AD41-B41FEF7436BF} = {8AFDA7D5-ECE0-4FFC-AB13-9E90CDA551A8}
		{E4811BA1-C2A9-4AC0-933F-6561138D43B0} = {E854878D-4019-41E1-AB0A-91B319519841}
		{D471E515-DCC3-49C3-8747-3FB94F3ECE5A} = {BE9099F5-099F-4A72-A45A-A0A75CDB7F43}
		{429D4EBF-1C28-467F-AF6C-1A0ED710CF58} = {BE9099F5-099F-4A72-A45A-A0A75CDB7F43}
		{CC931355-9541-42E6-89CB-F47B357199B6} = {0D272DFE-D1B6-4F60-94C0-13564F9E86B3}
		{F1667F41-52D4-421F-B0DD-22F8E16240DB} = {7BCF9232-3CEE-4214-AD41-B41FEF7436BF}
		{ADF0A829-7EFB-4606-82D6-7A9560EAEDC7} = {840901A4-D1DE-447A-B543-58C3FBCE66CA}
	EndGlobalSection
	GlobalSection(ExtensibilityGlobals) = postSolution
		SolutionGuid = {A1FE1F3B-F8D4-41C3-8E25-5401B5DF1F83}
	EndGlobalSection
EndGlobal
